
Microsoft Visual Studio Solution File, Format Version 12.00
# Visual Studio Version 17
VisualStudioVersion = 17.1.32319.34
MinimumVisualStudioVersion = 10.0.40219.1
Project("{FAE04EC0-301F-11D3-BF4B-00C04F79EFBC}") = "Program", "Program.csproj", "{1211ACC4-70BF-41C0-9F8C-4AC3680D6DB1}"
EndProject
Global
	GlobalSection(SolutionConfigurationPlatforms) = preSolution
		Debug|Any CPU = Debug|Any CPU
		Release|Any CPU = Release|Any CPU
	EndGlobalSection
	GlobalSection(ProjectConfigurationPlatforms) = postSolution
		{1211ACC4-70BF-41C0-9F8C-4AC3680D6DB1}.Debug|Any CPU.ActiveCfg = Debug|Any CPU
		{1211ACC4-70BF-41C0-9F8C-4AC3680D6DB1}.Debug|Any CPU.Build.0 = Debug|Any CPU
		{1211ACC4-70BF-41C0-9F8C-4AC3680D6DB1}.Release|Any CPU.ActiveCfg = Release|Any CPU
		{1211ACC4-70BF-41C0-9F8C-4AC3680D6DB1}.Release|Any CPU.Build.0 = Release|Any CPU
	EndGlobalSection
	GlobalSection(SolutionProperties) = preSolution
		HideSolutionNode = FALSE
	EndGlobalSection
	GlobalSection(ExtensibilityGlobals) = postSolution
		SolutionGuid = {49022081-F958-4EA0-89DF-CF8BCE91F669}
	EndGlobalSection
EndGlobal
